
Microsoft Visual Studio Solution File, Format Version 11.00
# Visual Studio 2010
Project("{8BC9CEB8-8B4A-11D0-8D11-00A0C91BC942}") = "Spectrum", "Spectrum\Spectrum.vcxproj", "{011A3EE3-1777-46E0-B921-5EAB4D6F750F}"
EndProject
Project("{FAE04EC0-301F-11D3-BF4B-00C04F79EFBC}") = "YASS", "YASS\YASS.csproj", "{265BE950-7D0B-4EDB-B5BF-DB885291ADF0}"
EndProject
Project("{8BC9CEB8-8B4A-11D0-8D11-00A0C91BC942}") = "Z80Tests", "Z80Tests\Z80Tests.vcxproj", "{BBE07B7A-8863-4FA8-9B51-ABC118B88760}"
EndProject
Global
	GlobalSection(SolutionConfigurationPlatforms) = preSolution
		Debug|Mixed Platforms = Debug|Mixed Platforms
		Debug|Win32 = Debug|Win32
		Debug|x86 = Debug|x86
		Release|Mixed Platforms = Release|Mixed Platforms
		Release|Win32 = Release|Win32
		Release|x86 = Release|x86
	EndGlobalSection
	GlobalSection(ProjectConfigurationPlatforms) = postSolution
		{011A3EE3-1777-46E0-B921-5EAB4D6F750F}.Debug|Mixed Platforms.ActiveCfg = Debug|Win32
		{011A3EE3-1777-46E0-B921-5EAB4D6F750F}.Debug|Mixed Platforms.Build.0 = Debug|Win32
		{011A3EE3-1777-46E0-B921-5EAB4D6F750F}.Debug|Win32.ActiveCfg = Debug|Win32
		{011A3EE3-1777-46E0-B921-5EAB4D6F750F}.Debug|Win32.Build.0 = Debug|Win32
		{011A3EE3-1777-46E0-B921-5EAB4D6F750F}.Debug|x86.ActiveCfg = Debug|Win32
		{011A3EE3-1777-46E0-B921-5EAB4D6F750F}.Release|Mixed Platforms.ActiveCfg = Release|Win32
		{011A3EE3-1777-46E0-B921-5EAB4D6F750F}.Release|Mixed Platforms.Build.0 = Release|Win32
		{011A3EE3-1777-46E0-B921-5EAB4D6F750F}.Release|Win32.ActiveCfg = Release|Win32
		{011A3EE3-1777-46E0-B921-5EAB4D6F750F}.Release|Win32.Build.0 = Release|Win32
		{011A3EE3-1777-46E0-B921-5EAB4D6F750F}.Release|x86.ActiveCfg = Release|Win32
		{265BE950-7D0B-4EDB-B5BF-DB885291ADF0}.Debug|Mixed Platforms.ActiveCfg = Debug|x86
		{265BE950-7D0B-4EDB-B5BF-DB885291ADF0}.Debug|Mixed Platforms.Build.0 = Debug|x86
		{265BE950-7D0B-4EDB-B5BF-DB885291ADF0}.Debug|Win32.ActiveCfg = Debug|x86
		{265BE950-7D0B-4EDB-B5BF-DB885291ADF0}.Debug|x86.ActiveCfg = Debug|x86
		{265BE950-7D0B-4EDB-B5BF-DB885291ADF0}.Debug|x86.Build.0 = Debug|x86
		{265BE950-7D0B-4EDB-B5BF-DB885291ADF0}.Release|Mixed Platforms.ActiveCfg = Release|x86
		{265BE950-7D0B-4EDB-B5BF-DB885291ADF0}.Release|Mixed Platforms.Build.0 = Release|x86
		{265BE950-7D0B-4EDB-B5BF-DB885291ADF0}.Release|Win32.ActiveCfg = Release|x86
		{265BE950-7D0B-4EDB-B5BF-DB885291ADF0}.Release|x86.ActiveCfg = Release|x86
		{265BE950-7D0B-4EDB-B5BF-DB885291ADF0}.Release|x86.Build.0 = Release|x86
		{BBE07B7A-8863-4FA8-9B51-ABC118B88760}.Debug|Mixed Platforms.ActiveCfg = Debug|Win32
		{BBE07B7A-8863-4FA8-9B51-ABC118B88760}.Debug|Mixed Platforms.Build.0 = Debug|Win32
		{BBE07B7A-8863-4FA8-9B51-ABC118B88760}.Debug|Win32.ActiveCfg = Debug|Win32
		{BBE07B7A-8863-4FA8-9B51-ABC118B88760}.Debug|Win32.Build.0 = Debug|Win32
		{BBE07B7A-8863-4FA8-9B51-ABC118B88760}.Debug|x86.ActiveCfg = Debug|Win32
		{BBE07B7A-8863-4FA8-9B51-ABC118B88760}.Release|Mixed Platforms.ActiveCfg = Release|Win32
		{BBE07B7A-8863-4FA8-9B51-ABC118B88760}.Release|Mixed Platforms.Build.0 = Release|Win32
		{BBE07B7A-8863-4FA8-9B51-ABC118B88760}.Release|Win32.ActiveCfg = Release|Win32
		{BBE07B7A-8863-4FA8-9B51-ABC118B88760}.Release|Win32.Build.0 = Release|Win32
		{BBE07B7A-8863-4FA8-9B51-ABC118B88760}.Release|x86.ActiveCfg = Release|Win32
	EndGlobalSection
	GlobalSection(SolutionProperties) = preSolution
		HideSolutionNode = FALSE
	EndGlobalSection
EndGlobal
